
Microsoft Visual Studio Solution File, Format Version 12.00
# Visual Studio Version 17
VisualStudioVersion = 17.9.34622.214
MinimumVisualStudioVersion = 10.0.40219.1
Project("{FAE04EC0-301F-11D3-BF4B-00C04F79EFBC}") = "ASP.NET Product Managment", "ASP.NET Product Managment\ASP.NET Product Managment.csproj", "{3E56C012-C838-4DBF-A93A-0F0B81D19CE8}"
EndProject
Global
	GlobalSection(SolutionConfigurationPlatforms) = preSolution
		Debug|Any CPU = Debug|Any CPU
		Release|Any CPU = Release|Any CPU
	EndGlobalSection
	GlobalSection(ProjectConfigurationPlatforms) = postSolution
		{3E56C012-C838-4DBF-A93A-0F0B81D19CE8}.Debug|Any CPU.ActiveCfg = Debug|Any CPU
		{3E56C012-C838-4DBF-A93A-0F0B81D19CE8}.Debug|Any CPU.Build.0 = Debug|Any CPU
		{3E56C012-C838-4DBF-A93A-0F0B81D19CE8}.Release|Any CPU.ActiveCfg = Release|Any CPU
		{3E56C012-C838-4DBF-A93A-0F0B81D19CE8}.Release|Any CPU.Build.0 = Release|Any CPU
	EndGlobalSection
	GlobalSection(SolutionProperties) = preSolution
		HideSolutionNode = FALSE
	EndGlobalSection
	GlobalSection(ExtensibilityGlobals) = postSolution
		SolutionGuid = {794B624D-C63A-4E38-B2ED-00D86E7B7147}
	EndGlobalSection
EndGlobal
